
Microsoft Visual Studio Solution File, Format Version 12.00
# Visual Studio Version 17
VisualStudioVersion = 17.8.34525.116
MinimumVisualStudioVersion = 10.0.40219.1
Project("{FAE04EC0-301F-11D3-BF4B-00C04F79EFBC}") = "Dierentuin", "Dierentuin\Dierentuin.csproj", "{331498F0-6B4F-426E-BE67-AFDA556F132A}"
EndProject
Global
	GlobalSection(SolutionConfigurationPlatforms) = preSolution
		Debug|Any CPU = Debug|Any CPU
		Release|Any CPU = Release|Any CPU
	EndGlobalSection
	GlobalSection(ProjectConfigurationPlatforms) = postSolution
		{331498F0-6B4F-426E-BE67-AFDA556F132A}.Debug|Any CPU.ActiveCfg = Debug|Any CPU
		{331498F0-6B4F-426E-BE67-AFDA556F132A}.Debug|Any CPU.Build.0 = Debug|Any CPU
		{331498F0-6B4F-426E-BE67-AFDA556F132A}.Release|Any CPU.ActiveCfg = Release|Any CPU
		{331498F0-6B4F-426E-BE67-AFDA556F132A}.Release|Any CPU.Build.0 = Release|Any CPU
	EndGlobalSection
	GlobalSection(SolutionProperties) = preSolution
		HideSolutionNode = FALSE
	EndGlobalSection
	GlobalSection(ExtensibilityGlobals) = postSolution
		SolutionGuid = {020271E7-1322-409A-86F7-2CB14B7C5E36}
	EndGlobalSection
EndGlobal
